
Microsoft Visual Studio Solution File, Format Version 12.00
# Visual Studio Version 17
VisualStudioVersion = 17.13.35825.156 d17.13
MinimumVisualStudioVersion = 10.0.40219.1
Project("{FAE04EC0-301F-11D3-BF4B-00C04F79EFBC}") = "Ejemplo01", "Ejemplo01\Ejemplo01.csproj", "{90725895-68A7-4F51-B8C2-7AB37BB1A53E}"
EndProject
Project("{FAE04EC0-301F-11D3-BF4B-00C04F79EFBC}") = "Ejemplo02", "Ejemplo02\Ejemplo02.csproj", "{117650B9-2CFF-49B7-AE79-362917312BE9}"
EndProject
Project("{FAE04EC0-301F-11D3-BF4B-00C04F79EFBC}") = "Ejemplo03", "Ejemplo03\Ejemplo03.csproj", "{606B8F0A-D173-4E3A-9297-743F266E64AF}"
EndProject
Global
	GlobalSection(SolutionConfigurationPlatforms) = preSolution
		Debug|Any CPU = Debug|Any CPU
		Release|Any CPU = Release|Any CPU
	EndGlobalSection
	GlobalSection(ProjectConfigurationPlatforms) = postSolution
		{90725895-68A7-4F51-B8C2-7AB37BB1A53E}.Debug|Any CPU.ActiveCfg = Debug|Any CPU
		{90725895-68A7-4F51-B8C2-7AB37BB1A53E}.Debug|Any CPU.Build.0 = Debug|Any CPU
		{90725895-68A7-4F51-B8C2-7AB37BB1A53E}.Release|Any CPU.ActiveCfg = Release|Any CPU
		{90725895-68A7-4F51-B8C2-7AB37BB1A53E}.Release|Any CPU.Build.0 = Release|Any CPU
		{117650B9-2CFF-49B7-AE79-362917312BE9}.Debug|Any CPU.ActiveCfg = Debug|Any CPU
		{117650B9-2CFF-49B7-AE79-362917312BE9}.Debug|Any CPU.Build.0 = Debug|Any CPU
		{117650B9-2CFF-49B7-AE79-362917312BE9}.Release|Any CPU.ActiveCfg = Release|Any CPU
		{117650B9-2CFF-49B7-AE79-362917312BE9}.Release|Any CPU.Build.0 = Release|Any CPU
		{606B8F0A-D173-4E3A-9297-743F266E64AF}.Debug|Any CPU.ActiveCfg = Debug|Any CPU
		{606B8F0A-D173-4E3A-9297-743F266E64AF}.Debug|Any CPU.Build.0 = Debug|Any CPU
		{606B8F0A-D173-4E3A-9297-743F266E64AF}.Release|Any CPU.ActiveCfg = Release|Any CPU
		{606B8F0A-D173-4E3A-9297-743F266E64AF}.Release|Any CPU.Build.0 = Release|Any CPU
	EndGlobalSection
	GlobalSection(SolutionProperties) = preSolution
		HideSolutionNode = FALSE
	EndGlobalSection
	GlobalSection(ExtensibilityGlobals) = postSolution
		SolutionGuid = {185067FF-74FB-4B16-B70B-803041914F7A}
	EndGlobalSection
EndGlobal
